
Microsoft Visual Studio Solution File, Format Version 12.00
# Visual Studio Version 17
VisualStudioVersion = 17.1.32414.318
MinimumVisualStudioVersion = 10.0.40219.1
Project("{9A19103F-16F7-4668-BE54-9A1E7A4F7556}") = "Blog_Pessoal", "Blog_Pessoal\Blog_Pessoal.csproj", "{04BF0EC8-F133-44F9-8ECD-9C95011DCEA7}"
EndProject
Project("{9A19103F-16F7-4668-BE54-9A1E7A4F7556}") = "Blog_Pessoal_Teste", "Blog_Pessoal_Teste\Blog_Pessoal_Teste.csproj", "{155DD6BB-A84D-4484-8502-6CDB7F289BA1}"
EndProject
Global
	GlobalSection(SolutionConfigurationPlatforms) = preSolution
		Debug|Any CPU = Debug|Any CPU
		Release|Any CPU = Release|Any CPU
	EndGlobalSection
	GlobalSection(ProjectConfigurationPlatforms) = postSolution
		{04BF0EC8-F133-44F9-8ECD-9C95011DCEA7}.Debug|Any CPU.ActiveCfg = Debug|Any CPU
		{04BF0EC8-F133-44F9-8ECD-9C95011DCEA7}.Debug|Any CPU.Build.0 = Debug|Any CPU
		{04BF0EC8-F133-44F9-8ECD-9C95011DCEA7}.Release|Any CPU.ActiveCfg = Release|Any CPU
		{04BF0EC8-F133-44F9-8ECD-9C95011DCEA7}.Release|Any CPU.Build.0 = Release|Any CPU
		{155DD6BB-A84D-4484-8502-6CDB7F289BA1}.Debug|Any CPU.ActiveCfg = Debug|Any CPU
		{155DD6BB-A84D-4484-8502-6CDB7F289BA1}.Debug|Any CPU.Build.0 = Debug|Any CPU
		{155DD6BB-A84D-4484-8502-6CDB7F289BA1}.Release|Any CPU.ActiveCfg = Release|Any CPU
		{155DD6BB-A84D-4484-8502-6CDB7F289BA1}.Release|Any CPU.Build.0 = Release|Any CPU
	EndGlobalSection
	GlobalSection(SolutionProperties) = preSolution
		HideSolutionNode = FALSE
	EndGlobalSection
	GlobalSection(ExtensibilityGlobals) = postSolution
		SolutionGuid = {20A6ED19-AAE2-456D-BF44-AECEBEFC18B3}
	EndGlobalSection
EndGlobal
